
Microsoft Visual Studio Solution File, Format Version 12.00
# Visual Studio 2012
Project("{FAE04EC0-301F-11D3-BF4B-00C04F79EFBC}") = "DynamicLua", "DynamicLua\DynamicLua.csproj", "{C23DB83E-4176-455E-ADD0-B138B80CE2F3}"
EndProject
Project("{FAE04EC0-301F-11D3-BF4B-00C04F79EFBC}") = "LuaTest", "LuaTest\LuaTest.csproj", "{0FCA0DB2-08AE-410E-A50B-F4C9604FFCC2}"
EndProject
Project("{FAE04EC0-301F-11D3-BF4B-00C04F79EFBC}") = "DynamicLuaTests", "DynamicLuaTests\DynamicLuaTests.csproj", "{559D6979-A6AA-4CF9-8300-DEEF05F97417}"
EndProject
Project("{2150E333-8FDC-42A3-9474-1A3956D46DE8}") = "Solution Items", "Solution Items", "{F1276E83-B256-477F-B11C-44BD84C27A26}"
	ProjectSection(SolutionItems) = preProject
		DynamicLua.vsmdi = DynamicLua.vsmdi
		Local.testsettings = Local.testsettings
		TraceAndTestImpact.testsettings = TraceAndTestImpact.testsettings
	EndProjectSection
EndProject
Project("{2150E333-8FDC-42A3-9474-1A3956D46DE8}") = ".nuget", ".nuget", "{8F9BE312-81CD-4809-9D95-ABD47FFE7C80}"
	ProjectSection(SolutionItems) = preProject
		.nuget\NuGet.Config = .nuget\NuGet.Config
		.nuget\NuGet.exe = .nuget\NuGet.exe
		.nuget\NuGet.targets = .nuget\NuGet.targets
	EndProjectSection
+EndProject
Global
	GlobalSection(TestCaseManagementSettings) = postSolution
		CategoryFile = DynamicLua.vsmdi
	EndGlobalSection
	GlobalSection(SolutionConfigurationPlatforms) = preSolution
		Debug|x86 = Debug|x86
		Release|x86 = Release|x86
	EndGlobalSection
	GlobalSection(ProjectConfigurationPlatforms) = postSolution
		{C23DB83E-4176-455E-ADD0-B138B80CE2F3}.Debug|x86.ActiveCfg = Debug|x86
		{C23DB83E-4176-455E-ADD0-B138B80CE2F3}.Debug|x86.Build.0 = Debug|x86
		{C23DB83E-4176-455E-ADD0-B138B80CE2F3}.Release|x86.ActiveCfg = Release|x86
		{C23DB83E-4176-455E-ADD0-B138B80CE2F3}.Release|x86.Build.0 = Release|x86
		{0FCA0DB2-08AE-410E-A50B-F4C9604FFCC2}.Debug|x86.ActiveCfg = Debug|x86
		{0FCA0DB2-08AE-410E-A50B-F4C9604FFCC2}.Debug|x86.Build.0 = Debug|x86
		{0FCA0DB2-08AE-410E-A50B-F4C9604FFCC2}.Release|x86.ActiveCfg = Release|x86
		{0FCA0DB2-08AE-410E-A50B-F4C9604FFCC2}.Release|x86.Build.0 = Release|x86
		{559D6979-A6AA-4CF9-8300-DEEF05F97417}.Debug|x86.ActiveCfg = Debug|x86
		{559D6979-A6AA-4CF9-8300-DEEF05F97417}.Debug|x86.Build.0 = Debug|x86
		{559D6979-A6AA-4CF9-8300-DEEF05F97417}.Release|x86.ActiveCfg = Release|x86
		{559D6979-A6AA-4CF9-8300-DEEF05F97417}.Release|x86.Build.0 = Release|x86
	EndGlobalSection
	GlobalSection(SolutionProperties) = preSolution
		HideSolutionNode = FALSE
	EndGlobalSection
EndGlobal
